
Microsoft Visual Studio Solution File, Format Version 12.00
# Visual Studio Version 17
VisualStudioVersion = 17.3.32929.385
MinimumVisualStudioVersion = 10.0.40219.1
Project("{FAE04EC0-301F-11D3-BF4B-00C04F79EFBC}") = "SistWepApi", "SistWepApi\SistWepApi.csproj", "{03EC5F99-F599-4FF3-A141-AA5110AE68E3}"
EndProject
Global
	GlobalSection(SolutionConfigurationPlatforms) = preSolution
		Debug|Any CPU = Debug|Any CPU
		Release|Any CPU = Release|Any CPU
	EndGlobalSection
	GlobalSection(ProjectConfigurationPlatforms) = postSolution
		{03EC5F99-F599-4FF3-A141-AA5110AE68E3}.Debug|Any CPU.ActiveCfg = Debug|Any CPU
		{03EC5F99-F599-4FF3-A141-AA5110AE68E3}.Debug|Any CPU.Build.0 = Debug|Any CPU
		{03EC5F99-F599-4FF3-A141-AA5110AE68E3}.Release|Any CPU.ActiveCfg = Release|Any CPU
		{03EC5F99-F599-4FF3-A141-AA5110AE68E3}.Release|Any CPU.Build.0 = Release|Any CPU
	EndGlobalSection
	GlobalSection(SolutionProperties) = preSolution
		HideSolutionNode = FALSE
	EndGlobalSection
	GlobalSection(ExtensibilityGlobals) = postSolution
		SolutionGuid = {E6698B52-1B3A-4895-875B-D63C1D012ECA}
	EndGlobalSection
EndGlobal
